PODS:
  - CommandLine (2.5.1):
    - CommandLine/Command (= 2.5.1)
    - CommandLine/Interface (= 2.5.1)
    - CommandLine/Launcher (= 2.5.1)
  - CommandLine/ANSI (2.5.1):
    - CommandLine/Main
    - CommandLine/Tools
  - CommandLine/Command (2.5.1):
    - CommandLine/ANSI
    - CommandLine/Error
    - CommandLine/Helper
    - CommandLine/I18N
    - CommandLine/Info
    - CommandLine/Main
  - CommandLine/Error (2.5.1):
    - CommandLine/I18N
    - CommandLine/Main
  - CommandLine/Helper (2.5.1):
    - CommandLine/ANSI
    - CommandLine/I18N
    - CommandLine/Info
    - CommandLine/Main
  - CommandLine/I18N (2.5.1):
    - CommandLine/Main
  - CommandLine/Info (2.5.1):
    - CommandLine/I18N
    - CommandLine/Main
  - CommandLine/Interface (2.5.1):
    - CommandLine/ANSI
    - CommandLine/Main
  - CommandLine/Launcher (2.5.1):
    - CommandLine/Main
  - CommandLine/Main (2.5.1)
  - CommandLine/Tools (2.5.1):
    - CommandLine/Main
  - MUFoundation/MUPath (0.0.6)

DEPENDENCIES:
  - CommandLine (from `..`)
  - MUFoundation/MUPath

SPEC REPOS:
  trunk:
    - MUFoundation

EXTERNAL SOURCES:
  CommandLine:
    :path: ".."

SPEC CHECKSUMS:
  CommandLine: 0d587ef2086d126860d8abf2ba1c68c47fa0390e
  MUFoundation: 7ba494a348139d1a355a3f20b5ba3de11720c9d4

PODFILE CHECKSUM: 26c19550fa7df6674d85aebce0b527327cb60e30

COCOAPODS: 1.11.3
