PODS:
  - CommandLine (3.0.2):
    - CommandLine/Command (= 3.0.2)
    - CommandLine/Interface (= 3.0.2)
    - CommandLine/Launcher (= 3.0.2)
  - CommandLine/ANSI (3.0.2):
    - CommandLine/Main
    - CommandLine/Tools
  - CommandLine/Command (3.0.2):
    - CommandLine/ANSI
    - CommandLine/Error
    - CommandLine/Helper
    - CommandLine/I18N
    - CommandLine/Info
    - CommandLine/Main
  - CommandLine/Error (3.0.2):
    - CommandLine/I18N
    - CommandLine/Main
  - CommandLine/Helper (3.0.2):
    - CommandLine/ANSI
    - CommandLine/I18N
    - CommandLine/Info
    - CommandLine/Main
  - CommandLine/I18N (3.0.2):
    - CommandLine/Main
  - CommandLine/Info (3.0.2):
    - CommandLine/I18N
    - CommandLine/Main
  - CommandLine/Interface (3.0.2):
    - CommandLine/ANSI
    - CommandLine/Main
  - CommandLine/Launcher (3.0.2):
    - CommandLine/Main
  - CommandLine/Main (3.0.2)
  - CommandLine/Tools (3.0.2):
    - CommandLine/Main
  - MUFoundation/MUPath (0.0.6)

DEPENDENCIES:
  - CommandLine (from `..`)
  - MUFoundation/MUPath

SPEC REPOS:
  trunk:
    - MUFoundation

EXTERNAL SOURCES:
  CommandLine:
    :path: ".."

SPEC CHECKSUMS:
  CommandLine: 2126d9d1cbc3185bd9f7e7caddcc0d939b9cfe0f
  MUFoundation: 7ba494a348139d1a355a3f20b5ba3de11720c9d4

PODFILE CHECKSUM: 26c19550fa7df6674d85aebce0b527327cb60e30

COCOAPODS: 1.12.1
