PODS:
  - CommandLine (2.5.1):
    - CommandLine/ANSI (= 2.5.1)
    - CommandLine/Command (= 2.5.1)
    - CommandLine/Interface (= 2.5.1)
    - CommandLine/Launcher (= 2.5.1)
    - CommandLine/Main (= 2.5.1)
    - CommandLine/Tools (= 2.5.1)
  - CommandLine/ANSI (2.5.1):
    - CommandLine/Main
    - CommandLine/Tools
  - CommandLine/Command (2.5.1):
    - CommandLine/ANSI
    - CommandLine/Main
    - libextobjc/EXTScope
  - CommandLine/Interface (2.5.1):
    - CommandLine/ANSI
    - CommandLine/Main
  - CommandLine/Launcher (2.5.1):
    - CommandLine/Main
  - CommandLine/Main (2.5.1)
  - CommandLine/Tools (2.5.1):
    - CommandLine/Main
  - libextobjc/EXTScope (0.6):
    - libextobjc/RuntimeExtensions
  - libextobjc/RuntimeExtensions (0.6)

DEPENDENCIES:
  - CommandLine (from `..`)

SPEC REPOS:
  trunk:
    - libextobjc

EXTERNAL SOURCES:
  CommandLine:
    :path: ".."

SPEC CHECKSUMS:
  CommandLine: 2af420ab73ba5e79a41d02c67c77cc184946dfa5
  libextobjc: aed8b7d2b07f511c1a7ecaacb33ea03e327c69b7

PODFILE CHECKSUM: 3cfd9ce6de90aab41a96e7d39df4ec6544576994

COCOAPODS: 1.11.2
